
Microsoft Visual Studio Solution File, Format Version 12.00
# Visual Studio 14
VisualStudioVersion = 14.0.23107.0
MinimumVisualStudioVersion = 10.0.40219.1
Project("{FAE04EC0-301F-11D3-BF4B-00C04F79EFBC}") = "nlib.Paypal", "nlib.Paypal.csproj", "{40677534-7334-4AB1-AFC7-8B15570DC599}"
EndProject
Project("{2150E333-8FDC-42A3-9474-1A3956D46DE8}") = "Others", "Others", "{C02491D6-1DD7-401B-AA40-5452C58117E3}"
	ProjectSection(SolutionItems) = preProject
		LICENSE = LICENSE
		README.md = README.md
	EndProjectSection
EndProject
Global
	GlobalSection(SolutionConfigurationPlatforms) = preSolution
		Debug|Any CPU = Debug|Any CPU
		Release|Any CPU = Release|Any CPU
	EndGlobalSection
	GlobalSection(ProjectConfigurationPlatforms) = postSolution
		{40677534-7334-4AB1-AFC7-8B15570DC599}.Debug|Any CPU.ActiveCfg = Debug|Any CPU
		{40677534-7334-4AB1-AFC7-8B15570DC599}.Debug|Any CPU.Build.0 = Debug|Any CPU
		{40677534-7334-4AB1-AFC7-8B15570DC599}.Release|Any CPU.ActiveCfg = Release|Any CPU
		{40677534-7334-4AB1-AFC7-8B15570DC599}.Release|Any CPU.Build.0 = Release|Any CPU
	EndGlobalSection
	GlobalSection(SolutionProperties) = preSolution
		HideSolutionNode = FALSE
	EndGlobalSection
EndGlobal
